PODS:
  - TwitterCore (3.2.0)
  - TwitterKit (3.4.1):
    - TwitterCore (>= 3.1.0)

DEPENDENCIES:
  - TwitterKit

SPEC REPOS:
  https://github.com/cocoapods/specs.git:
    - TwitterCore
    - TwitterKit

SPEC CHECKSUMS:
  TwitterCore: 8cbc9ad34d91c63a0035ea05bfbfc0d7ca72a28c
  TwitterKit: 054005edf5350aa9074af74b41456e5a61e3f322

PODFILE CHECKSUM: 8325a499b3f21c5adecb701441a418e4c037d3e8

COCOAPODS: 1.5.3
